
Microsoft Visual Studio Solution File, Format Version 12.00
# Visual Studio Version 17
VisualStudioVersion = 17.8.34322.80
MinimumVisualStudioVersion = 10.0.40219.1
Project("{FAE04EC0-301F-11D3-BF4B-00C04F79EFBC}") = "Pro_On1", "Pro_On1\Pro_On1.csproj", "{5B929B0A-AB01-4474-B2C6-39097A5D58A5}"
EndProject
Global
	GlobalSection(SolutionConfigurationPlatforms) = preSolution
		Debug|Any CPU = Debug|Any CPU
		Release|Any CPU = Release|Any CPU
	EndGlobalSection
	GlobalSection(ProjectConfigurationPlatforms) = postSolution
		{5B929B0A-AB01-4474-B2C6-39097A5D58A5}.Debug|Any CPU.ActiveCfg = Debug|Any CPU
		{5B929B0A-AB01-4474-B2C6-39097A5D58A5}.Debug|Any CPU.Build.0 = Debug|Any CPU
		{5B929B0A-AB01-4474-B2C6-39097A5D58A5}.Release|Any CPU.ActiveCfg = Release|Any CPU
		{5B929B0A-AB01-4474-B2C6-39097A5D58A5}.Release|Any CPU.Build.0 = Release|Any CPU
	EndGlobalSection
	GlobalSection(SolutionProperties) = preSolution
		HideSolutionNode = FALSE
	EndGlobalSection
	GlobalSection(ExtensibilityGlobals) = postSolution
		SolutionGuid = {1638A549-996C-4D2A-A824-915B33CECA78}
	EndGlobalSection
EndGlobal
