
Microsoft Visual Studio Solution File, Format Version 12.00
# Visual Studio Version 16
VisualStudioVersion = 16.0.34031.81
MinimumVisualStudioVersion = 10.0.40219.1
Project("{FAE04EC0-301F-11D3-BF4B-00C04F79EFBC}") = "DocGhi_Upload", "DocGhi_Upload\DocGhi_Upload.csproj", "{ACA29E0F-C8DE-496B-9552-5E521A42ADD6}"
EndProject
Project("{FAE04EC0-301F-11D3-BF4B-00C04F79EFBC}") = "Baitap2", "Baitap2\Baitap2.csproj", "{96BE7CAB-A04C-4E1A-BAD3-8C6C9E8A4A5B}"
EndProject
Global
	GlobalSection(SolutionConfigurationPlatforms) = preSolution
		Debug|Any CPU = Debug|Any CPU
		Release|Any CPU = Release|Any CPU
	EndGlobalSection
	GlobalSection(ProjectConfigurationPlatforms) = postSolution
		{ACA29E0F-C8DE-496B-9552-5E521A42ADD6}.Debug|Any CPU.ActiveCfg = Debug|Any CPU
		{ACA29E0F-C8DE-496B-9552-5E521A42ADD6}.Debug|Any CPU.Build.0 = Debug|Any CPU
		{ACA29E0F-C8DE-496B-9552-5E521A42ADD6}.Release|Any CPU.ActiveCfg = Release|Any CPU
		{ACA29E0F-C8DE-496B-9552-5E521A42ADD6}.Release|Any CPU.Build.0 = Release|Any CPU
		{96BE7CAB-A04C-4E1A-BAD3-8C6C9E8A4A5B}.Debug|Any CPU.ActiveCfg = Debug|Any CPU
		{96BE7CAB-A04C-4E1A-BAD3-8C6C9E8A4A5B}.Debug|Any CPU.Build.0 = Debug|Any CPU
		{96BE7CAB-A04C-4E1A-BAD3-8C6C9E8A4A5B}.Release|Any CPU.ActiveCfg = Release|Any CPU
		{96BE7CAB-A04C-4E1A-BAD3-8C6C9E8A4A5B}.Release|Any CPU.Build.0 = Release|Any CPU
	EndGlobalSection
	GlobalSection(SolutionProperties) = preSolution
		HideSolutionNode = FALSE
	EndGlobalSection
	GlobalSection(ExtensibilityGlobals) = postSolution
		SolutionGuid = {D9AB7288-E169-4FFD-AEA0-A5B28439427D}
	EndGlobalSection
EndGlobal
