
Microsoft Visual Studio Solution File, Format Version 12.00
# Visual Studio Version 17
VisualStudioVersion = 17.8.34322.80
MinimumVisualStudioVersion = 10.0.40219.1
Project("{FAE04EC0-301F-11D3-BF4B-00C04F79EFBC}") = "OnTX2_6", "OnTX2_6\OnTX2_6.csproj", "{18AC7CB6-EB81-4C76-818C-64B71BAD9649}"
EndProject
Global
	GlobalSection(SolutionConfigurationPlatforms) = preSolution
		Debug|Any CPU = Debug|Any CPU
		Release|Any CPU = Release|Any CPU
	EndGlobalSection
	GlobalSection(ProjectConfigurationPlatforms) = postSolution
		{18AC7CB6-EB81-4C76-818C-64B71BAD9649}.Debug|Any CPU.ActiveCfg = Debug|Any CPU
		{18AC7CB6-EB81-4C76-818C-64B71BAD9649}.Debug|Any CPU.Build.0 = Debug|Any CPU
		{18AC7CB6-EB81-4C76-818C-64B71BAD9649}.Release|Any CPU.ActiveCfg = Release|Any CPU
		{18AC7CB6-EB81-4C76-818C-64B71BAD9649}.Release|Any CPU.Build.0 = Release|Any CPU
	EndGlobalSection
	GlobalSection(SolutionProperties) = preSolution
		HideSolutionNode = FALSE
	EndGlobalSection
	GlobalSection(ExtensibilityGlobals) = postSolution
		SolutionGuid = {CCB13BD8-D0DB-4E15-87CC-A9082566E08D}
	EndGlobalSection
EndGlobal
