
Microsoft Visual Studio Solution File, Format Version 12.00
# Visual Studio Version 17
VisualStudioVersion = 17.8.34322.80
MinimumVisualStudioVersion = 10.0.40219.1
Project("{FAE04EC0-301F-11D3-BF4B-00C04F79EFBC}") = "Test2", "Test2\Test2.csproj", "{7315D009-A959-4CD1-9158-3957CB0BF1A1}"
EndProject
Global
	GlobalSection(SolutionConfigurationPlatforms) = preSolution
		Debug|Any CPU = Debug|Any CPU
		Release|Any CPU = Release|Any CPU
	EndGlobalSection
	GlobalSection(ProjectConfigurationPlatforms) = postSolution
		{7315D009-A959-4CD1-9158-3957CB0BF1A1}.Debug|Any CPU.ActiveCfg = Debug|Any CPU
		{7315D009-A959-4CD1-9158-3957CB0BF1A1}.Debug|Any CPU.Build.0 = Debug|Any CPU
		{7315D009-A959-4CD1-9158-3957CB0BF1A1}.Release|Any CPU.ActiveCfg = Release|Any CPU
		{7315D009-A959-4CD1-9158-3957CB0BF1A1}.Release|Any CPU.Build.0 = Release|Any CPU
	EndGlobalSection
	GlobalSection(SolutionProperties) = preSolution
		HideSolutionNode = FALSE
	EndGlobalSection
	GlobalSection(ExtensibilityGlobals) = postSolution
		SolutionGuid = {1EA57773-08A9-4443-9ACF-53A1B1FBB0D1}
	EndGlobalSection
EndGlobal
