
Microsoft Visual Studio Solution File, Format Version 12.00
# Visual Studio Version 16
VisualStudioVersion = 16.0.33801.447
MinimumVisualStudioVersion = 10.0.40219.1
Project("{FAE04EC0-301F-11D3-BF4B-00C04F79EFBC}") = "Bai3-Phieu-bai-tap", "Bai3-Phieu-bai-tap\Bai3-Phieu-bai-tap.csproj", "{FA504E88-D8BF-468A-B204-DAA8F5DC0B63}"
EndProject
Project("{FAE04EC0-301F-11D3-BF4B-00C04F79EFBC}") = "Bai3-2-Phieu-bai-tap", "Bai3-2-Phieu-bai-tap\Bai3-2-Phieu-bai-tap.csproj", "{A07F09E9-652F-4268-BD3C-B9DBB5AD252F}"
EndProject
Global
	GlobalSection(SolutionConfigurationPlatforms) = preSolution
		Debug|Any CPU = Debug|Any CPU
		Release|Any CPU = Release|Any CPU
	EndGlobalSection
	GlobalSection(ProjectConfigurationPlatforms) = postSolution
		{FA504E88-D8BF-468A-B204-DAA8F5DC0B63}.Debug|Any CPU.ActiveCfg = Debug|Any CPU
		{FA504E88-D8BF-468A-B204-DAA8F5DC0B63}.Debug|Any CPU.Build.0 = Debug|Any CPU
		{FA504E88-D8BF-468A-B204-DAA8F5DC0B63}.Release|Any CPU.ActiveCfg = Release|Any CPU
		{FA504E88-D8BF-468A-B204-DAA8F5DC0B63}.Release|Any CPU.Build.0 = Release|Any CPU
		{A07F09E9-652F-4268-BD3C-B9DBB5AD252F}.Debug|Any CPU.ActiveCfg = Debug|Any CPU
		{A07F09E9-652F-4268-BD3C-B9DBB5AD252F}.Debug|Any CPU.Build.0 = Debug|Any CPU
		{A07F09E9-652F-4268-BD3C-B9DBB5AD252F}.Release|Any CPU.ActiveCfg = Release|Any CPU
		{A07F09E9-652F-4268-BD3C-B9DBB5AD252F}.Release|Any CPU.Build.0 = Release|Any CPU
	EndGlobalSection
	GlobalSection(SolutionProperties) = preSolution
		HideSolutionNode = FALSE
	EndGlobalSection
	GlobalSection(ExtensibilityGlobals) = postSolution
		SolutionGuid = {BC944037-7129-479E-B0A9-3CB9AA515048}
	EndGlobalSection
EndGlobal
