
Microsoft Visual Studio Solution File, Format Version 12.00
# Visual Studio Version 16
VisualStudioVersion = 16.0.33801.447
MinimumVisualStudioVersion = 10.0.40219.1
Project("{FAE04EC0-301F-11D3-BF4B-00C04F79EFBC}") = "Bai6_ViDu_HKH1", "Bai6_ViDu_HKH1\Bai6_ViDu_HKH1.csproj", "{46BDB0D1-1357-48BC-BFAA-C24A57FB65B6}"
EndProject
Project("{FAE04EC0-301F-11D3-BF4B-00C04F79EFBC}") = "Bai6_Razor", "Bai6_Razor\Bai6_Razor.csproj", "{B7D3DFF3-306A-47B0-8DD9-A21A31633D7A}"
EndProject
Global
	GlobalSection(SolutionConfigurationPlatforms) = preSolution
		Debug|Any CPU = Debug|Any CPU
		Release|Any CPU = Release|Any CPU
	EndGlobalSection
	GlobalSection(ProjectConfigurationPlatforms) = postSolution
		{46BDB0D1-1357-48BC-BFAA-C24A57FB65B6}.Debug|Any CPU.ActiveCfg = Debug|Any CPU
		{46BDB0D1-1357-48BC-BFAA-C24A57FB65B6}.Debug|Any CPU.Build.0 = Debug|Any CPU
		{46BDB0D1-1357-48BC-BFAA-C24A57FB65B6}.Release|Any CPU.ActiveCfg = Release|Any CPU
		{46BDB0D1-1357-48BC-BFAA-C24A57FB65B6}.Release|Any CPU.Build.0 = Release|Any CPU
		{B7D3DFF3-306A-47B0-8DD9-A21A31633D7A}.Debug|Any CPU.ActiveCfg = Debug|Any CPU
		{B7D3DFF3-306A-47B0-8DD9-A21A31633D7A}.Debug|Any CPU.Build.0 = Debug|Any CPU
		{B7D3DFF3-306A-47B0-8DD9-A21A31633D7A}.Release|Any CPU.ActiveCfg = Release|Any CPU
		{B7D3DFF3-306A-47B0-8DD9-A21A31633D7A}.Release|Any CPU.Build.0 = Release|Any CPU
	EndGlobalSection
	GlobalSection(SolutionProperties) = preSolution
		HideSolutionNode = FALSE
	EndGlobalSection
	GlobalSection(ExtensibilityGlobals) = postSolution
		SolutionGuid = {8A485994-0686-432A-94E7-518A0FDC3A93}
	EndGlobalSection
EndGlobal
